
Microsoft Visual Studio Solution File, Format Version 12.00
# Visual Studio 15
VisualStudioVersion = 15.0.26730.12
MinimumVisualStudioVersion = 10.0.40219.1
Project("{FAE04EC0-301F-11D3-BF4B-00C04F79EFBC}") = "LuxMeet.Core", "LuxMeet.Core\LuxMeet.Core.csproj", "{81208F96-6A8C-4521-862F-A0C986F1B849}"
EndProject
Global
	GlobalSection(SolutionConfigurationPlatforms) = preSolution
		Debug|Any CPU = Debug|Any CPU
		Release|Any CPU = Release|Any CPU
	EndGlobalSection
	GlobalSection(ProjectConfigurationPlatforms) = postSolution
		{81208F96-6A8C-4521-862F-A0C986F1B849}.Debug|Any CPU.ActiveCfg = Debug|Any CPU
		{81208F96-6A8C-4521-862F-A0C986F1B849}.Debug|Any CPU.Build.0 = Debug|Any CPU
		{81208F96-6A8C-4521-862F-A0C986F1B849}.Release|Any CPU.ActiveCfg = Release|Any CPU
		{81208F96-6A8C-4521-862F-A0C986F1B849}.Release|Any CPU.Build.0 = Release|Any CPU
	EndGlobalSection
	GlobalSection(SolutionProperties) = preSolution
		HideSolutionNode = FALSE
	EndGlobalSection
	GlobalSection(ExtensibilityGlobals) = postSolution
		SolutionGuid = {0CABBD1E-34E7-41C8-B262-AD37513B02DF}
	EndGlobalSection
EndGlobal
